// !$*UTF8*$!
{
	archiveVersion = 1;
	classes = {
	};
	objectVersion = 46;
	objects = {

/* Begin PBXBuildFile section */
		D1C7C7381DDEAB2700810F30 /* main.m in Sources */ = {isa = PBXBuildFile; fileRef = D1C7C7371DDEAB2700810F30 /* main.m */; };
		D1C7C73B1DDEAB2700810F30 /* AppDelegate.m in Sources */ = {isa = PBXBuildFile; fileRef = D1C7C73A1DDEAB2700810F30 /* AppDelegate.m */; };
		D1C7C73E1DDEAB2700810F30 /* ViewController.m in Sources */ = {isa = PBXBuildFile; fileRef = D1C7C73D1DDEAB2700810F30 /* ViewController.m */; };
		D1C7C7431DDEAB2700810F30 /* Assets.xcassets in Resources */ = {isa = PBXBuildFile; fileRef = D1C7C7421DDEAB2700810F30 /* Assets.xcassets */; };
		D1C7C7511DDEAB2700810F30 /* NightTouchTests.m in Sources */ = {isa = PBXBuildFile; fileRef = D1C7C7501DDEAB2700810F30 /* NightTouchTests.m */; };
		D1C7C75C1DDEAB2800810F30 /* NightTouchUITests.m in Sources */ = {isa = PBXBuildFile; fileRef = D1C7C75B1DDEAB2800810F30 /* NightTouchUITests.m */; };
		D1C7C76B1DDEAB6300810F30 /* BViewController.m in Sources */ = {isa = PBXBuildFile; fileRef = D1C7C76A1DDEAB6300810F30 /* BViewController.m */; };
		D1C7C76E1DDEAB7100810F30 /* CViewController.m in Sources */ = {isa = PBXBuildFile; fileRef = D1C7C76D1DDEAB7100810F30 /* CViewController.m */; };
/* End PBXBuildFile section */

/* Begin PBXContainerItemProxy section */
		D1C7C74D1DDEAB2700810F30 /* PBXContainerItemProxy */ = {
			isa = PBXContainerItemProxy;
			containerPortal = D1C7C72B1DDEAB2700810F30 /* Project object */;
			proxyType = 1;
			remoteGlobalIDString = D1C7C7321DDEAB2700810F30;
			remoteInfo = NightTouch;
		};
		D1C7C7581DDEAB2700810F30 /* PBXContainerItemProxy */ = {
			isa = PBXContainerItemProxy;
			containerPortal = D1C7C72B1DDEAB2700810F30 /* Project object */;
			proxyType = 1;
			remoteGlobalIDString = D1C7C7321DDEAB2700810F30;
			remoteInfo = NightTouch;
		};
/* End PBXContainerItemProxy section */

/* Begin PBXFileReference section */
		D1C7C7331DDEAB2700810F30 /* NightTouch.app */ = {isa = PBXFileReference; explicitFileType = wrapper.application; includeInIndex = 0; path = NightTouch.app; sourceTree = BUILT_PRODUCTS_DIR; };
		D1C7C7371DDEAB2700810F30 /* main.m */ = {isa = PBXFileReference; lastKnownFileType = sourcecode.c.objc; path = main.m; sourceTree = "<group>"; };
		D1C7C7391DDEAB2700810F30 /* AppDelegate.h */ = {isa = PBXFileReference; lastKnownFileType = sourcecode.c.h; path = AppDelegate.h; sourceTree = "<group>"; };
		D1C7C73A1DDEAB2700810F30 /* AppDelegate.m */ = {isa = PBXFileReference; lastKnownFileType = sourcecode.c.objc; path = AppDelegate.m; sourceTree = "<group>"; };
		D1C7C73C1DDEAB2700810F30 /* ViewController.h */ = {isa = PBXFileReference; lastKnownFileType = sourcecode.c.h; path = ViewController.h; sourceTree = "<group>"; };
		D1C7C73D1DDEAB2700810F30 /* ViewController.m */ = {isa = PBXFileReference; lastKnownFileType = sourcecode.c.objc; path = ViewController.m; sourceTree = "<group>"; };
		D1C7C7421DDEAB2700810F30 /* Assets.xcassets */ = {isa = PBXFileReference; lastKnownFileType = folder.assetcatalog; path = Assets.xcassets; sourceTree = "<group>"; };
		D1C7C7471DDEAB2700810F30 /* Info.plist */ = {isa = PBXFileReference; lastKnownFileType = text.plist.xml; path = Info.plist; sourceTree = "<group>"; };
		D1C7C74C1DDEAB2700810F30 /* NightTouchTests.xctest */ = {isa = PBXFileReference; explicitFileType = wrapper.cfbundle; includeInIndex = 0; path = NightTouchTests.xctest; sourceTree = BUILT_PRODUCTS_DIR; };
		D1C7C7501DDEAB2700810F30 /* NightTouchTests.m */ = {isa = PBXFileReference; lastKnownFileType = sourcecode.c.objc; path = NightTouchTests.m; sourceTree = "<group>"; };
		D1C7C7521DDEAB2700810F30 /* Info.plist */ = {isa = PBXFileReference; lastKnownFileType = text.plist.xml; path = Info.plist; sourceTree = "<group>"; };
		D1C7C7571DDEAB2700810F30 /* NightTouchUITests.xctest */ = {isa = PBXFileReference; explicitFileType = wrapper.cfbundle; includeInIndex = 0; path = NightTouchUITests.xctest; sourceTree = BUILT_PRODUCTS_DIR; };
		D1C7C75B1DDEAB2800810F30 /* NightTouchUITests.m */ = {isa = PBXFileReference; lastKnownFileType = sourcecode.c.objc; path = NightTouchUITests.m; sourceTree = "<group>"; };
		D1C7C75D1DDEAB2800810F30 /* Info.plist */ = {isa = PBXFileReference; lastKnownFileType = text.plist.xml; path = Info.plist; sourceTree = "<group>"; };
		D1C7C7691DDEAB6300810F30 /* BViewController.h */ = {isa = PBXFileReference; fileEncoding = 4; lastKnownFileType = sourcecode.c.h; path = BViewController.h; sourceTree = "<group>"; };
		D1C7C76A1DDEAB6300810F30 /* BViewController.m */ = {isa = PBXFileReference; fileEncoding = 4; lastKnownFileType = sourcecode.c.objc; path = BViewController.m; sourceTree = "<group>"; };
		D1C7C76C1DDEAB7100810F30 /* CViewController.h */ = {isa = PBXFileReference; fileEncoding = 4; lastKnownFileType = sourcecode.c.h; path = CViewController.h; sourceTree = "<group>"; };
		D1C7C76D1DDEAB7100810F30 /* CViewController.m */ = {isa = PBXFileReference; fileEncoding = 4; lastKnownFileType = sourcecode.c.objc; path = CViewController.m; sourceTree = "<group>"; };
/* End PBXFileReference section */

/* Begin PBXFrameworksBuildPhase section */
		D1C7C7301DDEAB2700810F30 /* Frameworks */ = {
			isa = PBXFrameworksBuildPhase;
			buildActionMask = 2147483647;
			files = (
			);
			runOnlyForDeploymentPostprocessing = 0;
		};
		D1C7C7491DDEAB2700810F30 /* Frameworks */ = {
			isa = PBXFrameworksBuildPhase;
			buildActionMask = 2147483647;
			files = (
			);
			runOnlyForDeploymentPostprocessing = 0;
		};
		D1C7C7541DDEAB2700810F30 /* Frameworks */ = {
			isa = PBXFrameworksBuildPhase;
			buildActionMask = 2147483647;
			files = (
			);
			runOnlyForDeploymentPostprocessing = 0;
		};
/* End PBXFrameworksBuildPhase section */

/* Begin PBXGroup section */
		D1C7C72A1DDEAB2700810F30 = {
			isa = PBXGroup;
			children = (
				D1C7C7351DDEAB2700810F30 /* NightTouch */,
				D1C7C74F1DDEAB2700810F30 /* NightTouchTests */,
				D1C7C75A1DDEAB2700810F30 /* NightTouchUITests */,
				D1C7C7341DDEAB2700810F30 /* Products */,
			);
			sourceTree = "<group>";
		};
		D1C7C7341DDEAB2700810F30 /* Products */ = {
			isa = PBXGroup;
			children = (
				D1C7C7331DDEAB2700810F30 /* NightTouch.app */,
				D1C7C74C1DDEAB2700810F30 /* NightTouchTests.xctest */,
				D1C7C7571DDEAB2700810F30 /* NightTouchUITests.xctest */,
			);
			name = Products;
			sourceTree = "<group>";
		};
		D1C7C7351DDEAB2700810F30 /* NightTouch */ = {
			isa = PBXGroup;
			children = (
				D1C7C7391DDEAB2700810F30 /* AppDelegate.h */,
				D1C7C73A1DDEAB2700810F30 /* AppDelegate.m */,
				D1C7C73C1DDEAB2700810F30 /* ViewController.h */,
				D1C7C73D1DDEAB2700810F30 /* ViewController.m */,
				D1C7C7691DDEAB6300810F30 /* BViewController.h */,
				D1C7C76A1DDEAB6300810F30 /* BViewController.m */,
				D1C7C76C1DDEAB7100810F30 /* CViewController.h */,
				D1C7C76D1DDEAB7100810F30 /* CViewController.m */,
				D1C7C7421DDEAB2700810F30 /* Assets.xcassets */,
				D1C7C7471DDEAB2700810F30 /* Info.plist */,
				D1C7C7361DDEAB2700810F30 /* Supporting Files */,
			);
			path = NightTouch;
			sourceTree = "<group>";
		};
		D1C7C7361DDEAB2700810F30 /* Supporting Files */ = {
			isa = PBXGroup;
			children = (
				D1C7C7371DDEAB2700810F30 /* main.m */,
			);
			name = "Supporting Files";
			sourceTree = "<group>";
		};
		D1C7C74F1DDEAB2700810F30 /* NightTouchTests */ = {
			isa = PBXGroup;
			children = (
				D1C7C7501DDEAB2700810F30 /* NightTouchTests.m */,
				D1C7C7521DDEAB2700810F30 /* Info.plist */,
			);
			path = NightTouchTests;
			sourceTree = "<group>";
		};
		D1C7C75A1DDEAB2700810F30 /* NightTouchUITests */ = {
			isa = PBXGroup;
			children = (
				D1C7C75B1DDEAB2800810F30 /* NightTouchUITests.m */,
				D1C7C75D1DDEAB2800810F30 /* Info.plist */,
			);
			path = NightTouchUITests;
			sourceTree = "<group>";
		};
/* End PBXGroup section */

/* Begin PBXNativeTarget section */
		D1C7C7321DDEAB2700810F30 /* NightTouch */ = {
			isa = PBXNativeTarget;
			buildConfigurationList = D1C7C7601DDEAB2800810F30 /* Build configuration list for PBXNativeTarget "NightTouch" */;
			buildPhases = (
				D1C7C72F1DDEAB2700810F30 /* Sources */,
				D1C7C7301DDEAB2700810F30 /* Frameworks */,
				D1C7C7311DDEAB2700810F30 /* Resources */,
			);
			buildRules = (
			);
			dependencies = (
			);
			name = NightTouch;
			productName = NightTouch;
			productReference = D1C7C7331DDEAB2700810F30 /* NightTouch.app */;
			productType = "com.apple.product-type.application";
		};
		D1C7C74B1DDEAB2700810F30 /* NightTouchTests */ = {
			isa = PBXNativeTarget;
			buildConfigurationList = D1C7C7631DDEAB2800810F30 /* Build configuration list for PBXNativeTarget "NightTouchTests" */;
			buildPhases = (
				D1C7C7481DDEAB2700810F30 /* Sources */,
				D1C7C7491DDEAB2700810F30 /* Frameworks */,
				D1C7C74A1DDEAB2700810F30 /* Resources */,
			);
			buildRules = (
			);
			dependencies = (
				D1C7C74E1DDEAB2700810F30 /* PBXTargetDependency */,
			);
			name = NightTouchTests;
			productName = NightTouchTests;
			productReference = D1C7C74C1DDEAB2700810F30 /* NightTouchTests.xctest */;
			productType = "com.apple.product-type.bundle.unit-test";
		};
		D1C7C7561DDEAB2700810F30 /* NightTouchUITests */ = {
			isa = PBXNativeTarget;
			buildConfigurationList = D1C7C7661DDEAB2800810F30 /* Build configuration list for PBXNativeTarget "NightTouchUITests" */;
			buildPhases = (
				D1C7C7531DDEAB2700810F30 /* Sources */,
				D1C7C7541DDEAB2700810F30 /* Frameworks */,
				D1C7C7551DDEAB2700810F30 /* Resources */,
			);
			buildRules = (
			);
			dependencies = (
				D1C7C7591DDEAB2700810F30 /* PBXTargetDependency */,
			);
			name = NightTouchUITests;
			productName = NightTouchUITests;
			productReference = D1C7C7571DDEAB2700810F30 /* NightTouchUITests.xctest */;
			productType = "com.apple.product-type.bundle.ui-testing";
		};
/* End PBXNativeTarget section */

/* Begin PBXProject section */
		D1C7C72B1DDEAB2700810F30 /* Project object */ = {
			isa = PBXProject;
			attributes = {
				LastUpgradeCheck = 0820;
				ORGANIZATIONNAME = code.sogou.fengur;
				TargetAttributes = {
					D1C7C7321DDEAB2700810F30 = {
						CreatedOnToolsVersion = 8.2;
						DevelopmentTeam = 72474N4MWM;
						ProvisioningStyle = Automatic;
					};
					D1C7C74B1DDEAB2700810F30 = {
						CreatedOnToolsVersion = 8.2;
						DevelopmentTeam = 72474N4MWM;
						ProvisioningStyle = Automatic;
						TestTargetID = D1C7C7321DDEAB2700810F30;
					};
					D1C7C7561DDEAB2700810F30 = {
						CreatedOnToolsVersion = 8.2;
						DevelopmentTeam = 72474N4MWM;
						ProvisioningStyle = Automatic;
						TestTargetID = D1C7C7321DDEAB2700810F30;
					};
				};
			};
			buildConfigurationList = D1C7C72E1DDEAB2700810F30 /* Build configuration list for PBXProject "NightTouch" */;
			compatibilityVersion = "Xcode 3.2";
			developmentRegion = English;
			hasScannedForEncodings = 0;
			knownRegions = (
				en,
				Base,
			);
			mainGroup = D1C7C72A1DDEAB2700810F30;
			productRefGroup = D1C7C7341DDEAB2700810F30 /* Products */;
			projectDirPath = "";
			projectRoot = "";
			targets = (
				D1C7C7321DDEAB2700810F30 /* NightTouch */,
				D1C7C74B1DDEAB2700810F30 /* NightTouchTests */,
				D1C7C7561DDEAB2700810F30 /* NightTouchUITests */,
			);
		};
/* End PBXProject section */

/* Begin PBXResourcesBuildPhase section */
		D1C7C7311DDEAB2700810F30 /* Resources */ = {
			isa = PBXResourcesBuildPhase;
			buildActionMask = 2147483647;
			files = (
				D1C7C7431DDEAB2700810F30 /* Assets.xcassets in Resources */,
			);
			runOnlyForDeploymentPostprocessing = 0;
		};
		D1C7C74A1DDEAB2700810F30 /* Resources */ = {
			isa = PBXResourcesBuildPhase;
			buildActionMask = 2147483647;
			files = (
			);
			runOnlyForDeploymentPostprocessing = 0;
		};
		D1C7C7551DDEAB2700810F30 /* Resources */ = {
			isa = PBXResourcesBuildPhase;
			buildActionMask = 2147483647;
			files = (
			);
			runOnlyForDeploymentPostprocessing = 0;
		};
/* End PBXResourcesBuildPhase section */

/* Begin PBXSourcesBuildPhase section */
		D1C7C72F1DDEAB2700810F30 /* Sources */ = {
			isa = PBXSourcesBuildPhase;
			buildActionMask = 2147483647;
			files = (
				D1C7C76E1DDEAB7100810F30 /* CViewController.m in Sources */,
				D1C7C73E1DDEAB2700810F30 /* ViewController.m in Sources */,
				D1C7C76B1DDEAB6300810F30 /* BViewController.m in Sources */,
				D1C7C73B1DDEAB2700810F30 /* AppDelegate.m in Sources */,
				D1C7C7381DDEAB2700810F30 /* main.m in Sources */,
			);
			runOnlyForDeploymentPostprocessing = 0;
		};
		D1C7C7481DDEAB2700810F30 /* Sources */ = {
			isa = PBXSourcesBuildPhase;
			buildActionMask = 2147483647;
			files = (
				D1C7C7511DDEAB2700810F30 /* NightTouchTests.m in Sources */,
			);
			runOnlyForDeploymentPostprocessing = 0;
		};
		D1C7C7531DDEAB2700810F30 /* Sources */ = {
			isa = PBXSourcesBuildPhase;
			buildActionMask = 2147483647;
			files = (
				D1C7C75C1DDEAB2800810F30 /* NightTouchUITests.m in Sources */,
			);
			runOnlyForDeploymentPostprocessing = 0;
		};
/* End PBXSourcesBuildPhase section */

/* Begin PBXTargetDependency section */
		D1C7C74E1DDEAB2700810F30 /* PBXTargetDependency */ = {
			isa = PBXTargetDependency;
			target = D1C7C7321DDEAB2700810F30 /* NightTouch */;
			targetProxy = D1C7C74D1DDEAB2700810F30 /* PBXContainerItemProxy */;
		};
		D1C7C7591DDEAB2700810F30 /* PBXTargetDependency */ = {
			isa = PBXTargetDependency;
			target = D1C7C7321DDEAB2700810F30 /* NightTouch */;
			targetProxy = D1C7C7581DDEAB2700810F30 /* PBXContainerItemProxy */;
		};
/* End PBXTargetDependency section */

/* Begin XCBuildConfiguration section */
		D1C7C75E1DDEAB2800810F30 /* Debug */ = {
			isa = XCBuildConfiguration;
			buildSettings = {
				ALWAYS_SEARCH_USER_PATHS = NO;
				CLANG_ANALYZER_NONNULL = YES;
				CLANG_CXX_LANGUAGE_STANDARD = "gnu++0x";
				CLANG_CXX_LIBRARY = "libc++";
				CLANG_ENABLE_MODULES = YES;
				CLANG_ENABLE_OBJC_ARC = YES;
				CLANG_WARN_BOOL_CONVERSION = YES;
				CLANG_WARN_CONSTANT_CONVERSION = YES;
				CLANG_WARN_DIRECT_OBJC_ISA_USAGE = YES_ERROR;
				CLANG_WARN_DOCUMENTATION_COMMENTS = YES;
				CLANG_WARN_EMPTY_BODY = YES;
				CLANG_WARN_ENUM_CONVERSION = YES;
				CLANG_WARN_INFINITE_RECURSION = YES;
				CLANG_WARN_INT_CONVERSION = YES;
				CLANG_WARN_OBJC_ROOT_CLASS = YES_ERROR;
				CLANG_WARN_SUSPICIOUS_MOVE = YES;
				CLANG_WARN_UNREACHABLE_CODE = YES;
				CLANG_WARN__DUPLICATE_METHOD_MATCH = YES;
				"CODE_SIGN_IDENTITY[sdk=iphoneos*]" = "iPhone Developer";
				COPY_PHASE_STRIP = NO;
				DEBUG_INFORMATION_FORMAT = dwarf;
				ENABLE_STRICT_OBJC_MSGSEND = YES;
				ENABLE_TESTABILITY = YES;
				GCC_C_LANGUAGE_STANDARD = gnu99;
				GCC_DYNAMIC_NO_PIC = NO;
				GCC_NO_COMMON_BLOCKS = YES;
				GCC_OPTIMIZATION_LEVEL = 0;
				GCC_PREPROCESSOR_DEFINITIONS = (
					"DEBUG=1",
					"$(inherited)",
				);
				GCC_WARN_64_TO_32_BIT_CONVERSION = YES;
				GCC_WARN_ABOUT_RETURN_TYPE = YES_ERROR;
				GCC_WARN_UNDECLARED_SELECTOR = YES;
				GCC_WARN_UNINITIALIZED_AUTOS = YES_AGGRESSIVE;
				GCC_WARN_UNUSED_FUNCTION = YES;
				GCC_WARN_UNUSED_VARIABLE = YES;
				IPHONEOS_DEPLOYMENT_TARGET = 10.2;
				MTL_ENABLE_DEBUG_INFO = YES;
				ONLY_ACTIVE_ARCH = YES;
				SDKROOT = iphoneos;
				TARGETED_DEVICE_FAMILY = "1,2";
			};
			name = Debug;
		};
		D1C7C75F1DDEAB2800810F30 /* Release */ = {
			isa = XCBuildConfiguration;
			buildSettings = {
				ALWAYS_SEARCH_USER_PATHS = NO;
				CLANG_ANALYZER_NONNULL = YES;
				CLANG_CXX_LANGUAGE_STANDARD = "gnu++0x";
				CLANG_CXX_LIBRARY = "libc++";
				CLANG_ENABLE_MODULES = YES;
				CLANG_ENABLE_OBJC_ARC = YES;
				CLANG_WARN_BOOL_CONVERSION = YES;
				CLANG_WARN_CONSTANT_CONVERSION = YES;
				CLANG_WARN_DIRECT_OBJC_ISA_USAGE = YES_ERROR;
				CLANG_WARN_DOCUMENTATION_COMMENTS = YES;
				CLANG_WARN_EMPTY_BODY = YES;
				CLANG_WARN_ENUM_CONVERSION = YES;
				CLANG_WARN_INFINITE_RECURSION = YES;
				CLANG_WARN_INT_CONVERSION = YES;
				CLANG_WARN_OBJC_ROOT_CLASS = YES_ERROR;
				CLANG_WARN_SUSPICIOUS_MOVE = YES;
				CLANG_WARN_UNREACHABLE_CODE = YES;
				CLANG_WARN__DUPLICATE_METHOD_MATCH = YES;
				"CODE_SIGN_IDENTITY[sdk=iphoneos*]" = "iPhone Developer";
				COPY_PHASE_STRIP = NO;
				DEBUG_INFORMATION_FORMAT = "dwarf-with-dsym";
				ENABLE_NS_ASSERTIONS = NO;
				ENABLE_STRICT_OBJC_MSGSEND = YES;
				GCC_C_LANGUAGE_STANDARD = gnu99;
				GCC_NO_COMMON_BLOCKS = YES;
				GCC_WARN_64_TO_32_BIT_CONVERSION = YES;
				GCC_WARN_ABOUT_RETURN_TYPE = YES_ERROR;
				GCC_WARN_UNDECLARED_SELECTOR = YES;
				GCC_WARN_UNINITIALIZED_AUTOS = YES_AGGRESSIVE;
				GCC_WARN_UNUSED_FUNCTION = YES;
				GCC_WARN_UNUSED_VARIABLE = YES;
				IPHONEOS_DEPLOYMENT_TARGET = 10.2;
				MTL_ENABLE_DEBUG_INFO = NO;
				SDKROOT = iphoneos;
				TARGETED_DEVICE_FAMILY = "1,2";
				VALIDATE_PRODUCT = YES;
			};
			name = Release;
		};
		D1C7C7611DDEAB2800810F30 /* Debug */ = {
			isa = XCBuildConfiguration;
			buildSettings = {
				ASSETCATALOG_COMPILER_APPICON_NAME = AppIcon;
				CODE_SIGN_IDENTITY = "iPhone Developer";
				DEVELOPMENT_TEAM = 72474N4MWM;
				INFOPLIST_FILE = NightTouch/Info.plist;
				LD_RUNPATH_SEARCH_PATHS = "$(inherited) @executable_path/Frameworks";
				PRODUCT_BUNDLE_IDENTIFIER = code.fengur.NightTouch;
				PRODUCT_NAME = "$(TARGET_NAME)";
				TARGETED_DEVICE_FAMILY = 1;
			};
			name = Debug;
		};
		D1C7C7621DDEAB2800810F30 /* Release */ = {
			isa = XCBuildConfiguration;
			buildSettings = {
				ASSETCATALOG_COMPILER_APPICON_NAME = AppIcon;
				CODE_SIGN_IDENTITY = "iPhone Developer";
				DEVELOPMENT_TEAM = 72474N4MWM;
				INFOPLIST_FILE = NightTouch/Info.plist;
				LD_RUNPATH_SEARCH_PATHS = "$(inherited) @executable_path/Frameworks";
				PRODUCT_BUNDLE_IDENTIFIER = code.fengur.NightTouch;
				PRODUCT_NAME = "$(TARGET_NAME)";
				TARGETED_DEVICE_FAMILY = 1;
			};
			name = Release;
		};
		D1C7C7641DDEAB2800810F30 /* Debug */ = {
			isa = XCBuildConfiguration;
			buildSettings = {
				BUNDLE_LOADER = "$(TEST_HOST)";
				DEVELOPMENT_TEAM = 72474N4MWM;
				INFOPLIST_FILE = NightTouchTests/Info.plist;
				LD_RUNPATH_SEARCH_PATHS = "$(inherited) @executable_path/Frameworks @loader_path/Frameworks";
				PRODUCT_BUNDLE_IDENTIFIER = code.fengur.NightTouchTests;
				PRODUCT_NAME = "$(TARGET_NAME)";
				TEST_HOST = "$(BUILT_PRODUCTS_DIR)/NightTouch.app/NightTouch";
			};
			name = Debug;
		};
		D1C7C7651DDEAB2800810F30 /* Release */ = {
			isa = XCBuildConfiguration;
			buildSettings = {
				BUNDLE_LOADER = "$(TEST_HOST)";
				DEVELOPMENT_TEAM = 72474N4MWM;
				INFOPLIST_FILE = NightTouchTests/Info.plist;
				LD_RUNPATH_SEARCH_PATHS = "$(inherited) @executable_path/Frameworks @loader_path/Frameworks";
				PRODUCT_BUNDLE_IDENTIFIER = code.fengur.NightTouchTests;
				PRODUCT_NAME = "$(TARGET_NAME)";
				TEST_HOST = "$(BUILT_PRODUCTS_DIR)/NightTouch.app/NightTouch";
			};
			name = Release;
		};
		D1C7C7671DDEAB2800810F30 /* Debug */ = {
			isa = XCBuildConfiguration;
			buildSettings = {
				DEVELOPMENT_TEAM = 72474N4MWM;
				INFOPLIST_FILE = NightTouchUITests/Info.plist;
				LD_RUNPATH_SEARCH_PATHS = "$(inherited) @executable_path/Frameworks @loader_path/Frameworks";
				PRODUCT_BUNDLE_IDENTIFIER = code.fengur.NightTouchUITests;
				PRODUCT_NAME = "$(TARGET_NAME)";
				TEST_TARGET_NAME = NightTouch;
			};
			name = Debug;
		};
		D1C7C7681DDEAB2800810F30 /* Release */ = {
			isa = XCBuildConfiguration;
			buildSettings = {
				DEVELOPMENT_TEAM = 72474N4MWM;
				INFOPLIST_FILE = NightTouchUITests/Info.plist;
				LD_RUNPATH_SEARCH_PATHS = "$(inherited) @executable_path/Frameworks @loader_path/Frameworks";
				PRODUCT_BUNDLE_IDENTIFIER = code.fengur.NightTouchUITests;
				PRODUCT_NAME = "$(TARGET_NAME)";
				TEST_TARGET_NAME = NightTouch;
			};
			name = Release;
		};
/* End XCBuildConfiguration section */

/* Begin XCConfigurationList section */
		D1C7C72E1DDEAB2700810F30 /* Build configuration list for PBXProject "NightTouch" */ = {
			isa = XCConfigurationList;
			buildConfigurations = (
				D1C7C75E1DDEAB2800810F30 /* Debug */,
				D1C7C75F1DDEAB2800810F30 /* Release */,
			);
			defaultConfigurationIsVisible = 0;
			defaultConfigurationName = Release;
		};
		D1C7C7601DDEAB2800810F30 /* Build configuration list for PBXNativeTarget "NightTouch" */ = {
			isa = XCConfigurationList;
			buildConfigurations = (
				D1C7C7611DDEAB2800810F30 /* Debug */,
				D1C7C7621DDEAB2800810F30 /* Release */,
			);
			defaultConfigurationIsVisible = 0;
			defaultConfigurationName = Release;
		};
		D1C7C7631DDEAB2800810F30 /* Build configuration list for PBXNativeTarget "NightTouchTests" */ = {
			isa = XCConfigurationList;
			buildConfigurations = (
				D1C7C7641DDEAB2800810F30 /* Debug */,
				D1C7C7651DDEAB2800810F30 /* Release */,
			);
			defaultConfigurationIsVisible = 0;
			defaultConfigurationName = Release;
		};
		D1C7C7661DDEAB2800810F30 /* Build configuration list for PBXNativeTarget "NightTouchUITests" */ = {
			isa = XCConfigurationList;
			buildConfigurations = (
				D1C7C7671DDEAB2800810F30 /* Debug */,
				D1C7C7681DDEAB2800810F30 /* Release */,
			);
			defaultConfigurationIsVisible = 0;
			defaultConfigurationName = Release;
		};
/* End XCConfigurationList section */
	};
	rootObject = D1C7C72B1DDEAB2700810F30 /* Project object */;
}
